
Microsoft Visual Studio Solution File, Format Version 12.00
# Visual Studio 14
VisualStudioVersion = 14.0.25420.1
MinimumVisualStudioVersion = 10.0.40219.1
Project("{FAE04EC0-301F-11D3-BF4B-00C04F79EFBC}") = "Test", "Test\Test.csproj", "{D4236FFE-64A6-4846-9561-064F4A378BDB}"
EndProject
Project("{FAE04EC0-301F-11D3-BF4B-00C04F79EFBC}") = "CommandSystem", "CommandSystem\CommandSystem.csproj", "{5B247438-E54B-4783-B0D7-6B28ECEF7ACB}"
EndProject
Global
	GlobalSection(SolutionConfigurationPlatforms) = preSolution
		Debug|Any CPU = Debug|Any CPU
		Release|Any CPU = Release|Any CPU
	EndGlobalSection
	GlobalSection(ProjectConfigurationPlatforms) = postSolution
		{D4236FFE-64A6-4846-9561-064F4A378BDB}.Debug|Any CPU.ActiveCfg = Debug|Any CPU
		{D4236FFE-64A6-4846-9561-064F4A378BDB}.Debug|Any CPU.Build.0 = Debug|Any CPU
		{D4236FFE-64A6-4846-9561-064F4A378BDB}.Release|Any CPU.ActiveCfg = Release|Any CPU
		{D4236FFE-64A6-4846-9561-064F4A378BDB}.Release|Any CPU.Build.0 = Release|Any CPU
		{5B247438-E54B-4783-B0D7-6B28ECEF7ACB}.Debug|Any CPU.ActiveCfg = Debug|Any CPU
		{5B247438-E54B-4783-B0D7-6B28ECEF7ACB}.Debug|Any CPU.Build.0 = Debug|Any CPU
		{5B247438-E54B-4783-B0D7-6B28ECEF7ACB}.Release|Any CPU.ActiveCfg = Release|Any CPU
		{5B247438-E54B-4783-B0D7-6B28ECEF7ACB}.Release|Any CPU.Build.0 = Release|Any CPU
	EndGlobalSection
	GlobalSection(SolutionProperties) = preSolution
		HideSolutionNode = FALSE
	EndGlobalSection
EndGlobal
